{
  "lockfileVersion": 2,
  "configVersion": 1,
  "workspaces": {
    "": {
      "name": "anime-world",
      "dependencies": {
        "three": "^0.186.1",
      },
    },
  },
  "packages": {
    "three": ["three@0.186.1", "", {}, "sha512-blFeqb49wRCSGUGj7gtpfnSGHy2lwDk94RhUmS1c/hTby70kvChbWpkJ4Pm1390LqzzvTmzgXKHPEafJwCb8jA=="],
  }
}
